// !$*UTF8*$!
{
	archiveVersion = 1;
	classes = {
	};
	objectVersion = 50;
	objects = {

/* Begin PBXBuildFile section */
		A86332212103F822006FC819 /* AppDelegate.swift in Sources */ = {isa = PBXBuildFile; fileRef = A86332202103F822006FC819 /* AppDelegate.swift */; };
		A86332232103F822006FC819 /* ViewController.swift in Sources */ = {isa = PBXBuildFile; fileRef = A86332222103F822006FC819 /* ViewController.swift */; };
		A86332262103F822006FC819 /* Main.storyboard in Resources */ = {isa = PBXBuildFile; fileRef = A86332242103F822006FC819 /* Main.storyboard */; };
		A86332282103F82E006FC819 /* Assets.xcassets in Resources */ = {isa = PBXBuildFile; fileRef = A86332272103F82E006FC819 /* Assets.xcassets */; };
		A863322B2103F82E006FC819 /* LaunchScreen.storyboard in Resources */ = {isa = PBXBuildFile; fileRef = A86332292103F82E006FC819 /* LaunchScreen.storyboard */; };
		A86332362103F82E006FC819 /* DesignPatternsTests.swift in Sources */ = {isa = PBXBuildFile; fileRef = A86332352103F82E006FC819 /* DesignPatternsTests.swift */; };
		A86332412103F82E006FC819 /* DesignPatternsUITests.swift in Sources */ = {isa = PBXBuildFile; fileRef = A86332402103F82E006FC819 /* DesignPatternsUITests.swift */; };
		A86332532103FE1A006FC819 /* Album.swift in Sources */ = {isa = PBXBuildFile; fileRef = A86332522103FE1A006FC819 /* Album.swift */; };
		A863325521040097006FC819 /* AlbumView.swift in Sources */ = {isa = PBXBuildFile; fileRef = A863325421040097006FC819 /* AlbumView.swift */; };
		A863325821043D86006FC819 /* LibraryAPI.swift in Sources */ = {isa = PBXBuildFile; fileRef = A863325721043D86006FC819 /* LibraryAPI.swift */; };
		A863325A21043E09006FC819 /* PersistencyManager.swift in Sources */ = {isa = PBXBuildFile; fileRef = A863325921043E09006FC819 /* PersistencyManager.swift */; };
		A863325C2104D3F3006FC819 /* HTTPClient.swift in Sources */ = {isa = PBXBuildFile; fileRef = A863325B2104D3F3006FC819 /* HTTPClient.swift */; };
/* End PBXBuildFile section */

/* Begin PBXContainerItemProxy section */
		A86332322103F82E006FC819 /* PBXContainerItemProxy */ = {
			isa = PBXContainerItemProxy;
			containerPortal = A86332152103F821006FC819 /* Project object */;
			proxyType = 1;
			remoteGlobalIDString = A863321C2103F822006FC819;
			remoteInfo = DesignPatterns;
		};
		A863323D2103F82E006FC819 /* PBXContainerItemProxy */ = {
			isa = PBXContainerItemProxy;
			containerPortal = A86332152103F821006FC819 /* Project object */;
			proxyType = 1;
			remoteGlobalIDString = A863321C2103F822006FC819;
			remoteInfo = DesignPatterns;
		};
/* End PBXContainerItemProxy section */

/* Begin PBXFileReference section */
		A863321D2103F822006FC819 /* DesignPatterns.app */ = {isa = PBXFileReference; explicitFileType = wrapper.application; includeInIndex = 0; path = DesignPatterns.app; sourceTree = BUILT_PRODUCTS_DIR; };
		A86332202103F822006FC819 /* AppDelegate.swift */ = {isa = PBXFileReference; lastKnownFileType = sourcecode.swift; path = AppDelegate.swift; sourceTree = "<group>"; };
		A86332222103F822006FC819 /* ViewController.swift */ = {isa = PBXFileReference; lastKnownFileType = sourcecode.swift; path = ViewController.swift; sourceTree = "<group>"; };
		A86332252103F822006FC819 /* Base */ = {isa = PBXFileReference; lastKnownFileType = file.storyboard; name = Base; path = Base.lproj/Main.storyboard; sourceTree = "<group>"; };
		A86332272103F82E006FC819 /* Assets.xcassets */ = {isa = PBXFileReference; lastKnownFileType = folder.assetcatalog; path = Assets.xcassets; sourceTree = "<group>"; };
		A863322A2103F82E006FC819 /* Base */ = {isa = PBXFileReference; lastKnownFileType = file.storyboard; name = Base; path = Base.lproj/LaunchScreen.storyboard; sourceTree = "<group>"; };
		A863322C2103F82E006FC819 /* Info.plist */ = {isa = PBXFileReference; lastKnownFileType = text.plist.xml; path = Info.plist; sourceTree = "<group>"; };
		A86332312103F82E006FC819 /* DesignPatternsTests.xctest */ = {isa = PBXFileReference; explicitFileType = wrapper.cfbundle; includeInIndex = 0; path = DesignPatternsTests.xctest; sourceTree = BUILT_PRODUCTS_DIR; };
		A86332352103F82E006FC819 /* DesignPatternsTests.swift */ = {isa = PBXFileReference; lastKnownFileType = sourcecode.swift; path = DesignPatternsTests.swift; sourceTree = "<group>"; };
		A86332372103F82E006FC819 /* Info.plist */ = {isa = PBXFileReference; lastKnownFileType = text.plist.xml; path = Info.plist; sourceTree = "<group>"; };
		A863323C2103F82E006FC819 /* DesignPatternsUITests.xctest */ = {isa = PBXFileReference; explicitFileType = wrapper.cfbundle; includeInIndex = 0; path = DesignPatternsUITests.xctest; sourceTree = BUILT_PRODUCTS_DIR; };
		A86332402103F82E006FC819 /* DesignPatternsUITests.swift */ = {isa = PBXFileReference; lastKnownFileType = sourcecode.swift; path = DesignPatternsUITests.swift; sourceTree = "<group>"; };
		A86332422103F82E006FC819 /* Info.plist */ = {isa = PBXFileReference; lastKnownFileType = text.plist.xml; path = Info.plist; sourceTree = "<group>"; };
		A86332522103FE1A006FC819 /* Album.swift */ = {isa = PBXFileReference; lastKnownFileType = sourcecode.swift; path = Album.swift; sourceTree = "<group>"; };
		A863325421040097006FC819 /* AlbumView.swift */ = {isa = PBXFileReference; lastKnownFileType = sourcecode.swift; path = AlbumView.swift; sourceTree = "<group>"; };
		A863325721043D86006FC819 /* LibraryAPI.swift */ = {isa = PBXFileReference; lastKnownFileType = sourcecode.swift; path = LibraryAPI.swift; sourceTree = "<group>"; };
		A863325921043E09006FC819 /* PersistencyManager.swift */ = {isa = PBXFileReference; lastKnownFileType = sourcecode.swift; path = PersistencyManager.swift; sourceTree = "<group>"; };
		A863325B2104D3F3006FC819 /* HTTPClient.swift */ = {isa = PBXFileReference; lastKnownFileType = sourcecode.swift; path = HTTPClient.swift; sourceTree = "<group>"; };
/* End PBXFileReference section */

/* Begin PBXFrameworksBuildPhase section */
		A863321A2103F822006FC819 /* Frameworks */ = {
			isa = PBXFrameworksBuildPhase;
			buildActionMask = 2147483647;
			files = (
			);
			runOnlyForDeploymentPostprocessing = 0;
		};
		A863322E2103F82E006FC819 /* Frameworks */ = {
			isa = PBXFrameworksBuildPhase;
			buildActionMask = 2147483647;
			files = (
			);
			runOnlyForDeploymentPostprocessing = 0;
		};
		A86332392103F82E006FC819 /* Frameworks */ = {
			isa = PBXFrameworksBuildPhase;
			buildActionMask = 2147483647;
			files = (
			);
			runOnlyForDeploymentPostprocessing = 0;
		};
/* End PBXFrameworksBuildPhase section */

/* Begin PBXGroup section */
		A86332142103F821006FC819 = {
			isa = PBXGroup;
			children = (
				A863321F2103F822006FC819 /* DesignPatterns */,
				A86332342103F82E006FC819 /* DesignPatternsTests */,
				A863323F2103F82E006FC819 /* DesignPatternsUITests */,
				A863321E2103F822006FC819 /* Products */,
			);
			sourceTree = "<group>";
		};
		A863321E2103F822006FC819 /* Products */ = {
			isa = PBXGroup;
			children = (
				A863321D2103F822006FC819 /* DesignPatterns.app */,
				A86332312103F82E006FC819 /* DesignPatternsTests.xctest */,
				A863323C2103F82E006FC819 /* DesignPatternsUITests.xctest */,
			);
			name = Products;
			sourceTree = "<group>";
		};
		A863321F2103F822006FC819 /* DesignPatterns */ = {
			isa = PBXGroup;
			children = (
				A863325621043D77006FC819 /* API */,
				A86332502103FD0E006FC819 /* Model */,
				A863324F2103FD0A006FC819 /* View */,
				A863324E2103FD02006FC819 /* Controller */,
				A86332202103F822006FC819 /* AppDelegate.swift */,
				A86332272103F82E006FC819 /* Assets.xcassets */,
				A86332292103F82E006FC819 /* LaunchScreen.storyboard */,
				A863322C2103F82E006FC819 /* Info.plist */,
			);
			path = DesignPatterns;
			sourceTree = "<group>";
		};
		A86332342103F82E006FC819 /* DesignPatternsTests */ = {
			isa = PBXGroup;
			children = (
				A86332352103F82E006FC819 /* DesignPatternsTests.swift */,
				A86332372103F82E006FC819 /* Info.plist */,
			);
			path = DesignPatternsTests;
			sourceTree = "<group>";
		};
		A863323F2103F82E006FC819 /* DesignPatternsUITests */ = {
			isa = PBXGroup;
			children = (
				A86332402103F82E006FC819 /* DesignPatternsUITests.swift */,
				A86332422103F82E006FC819 /* Info.plist */,
			);
			path = DesignPatternsUITests;
			sourceTree = "<group>";
		};
		A863324E2103FD02006FC819 /* Controller */ = {
			isa = PBXGroup;
			children = (
				A86332222103F822006FC819 /* ViewController.swift */,
			);
			path = Controller;
			sourceTree = "<group>";
		};
		A863324F2103FD0A006FC819 /* View */ = {
			isa = PBXGroup;
			children = (
				A86332242103F822006FC819 /* Main.storyboard */,
				A863325421040097006FC819 /* AlbumView.swift */,
			);
			path = View;
			sourceTree = "<group>";
		};
		A86332502103FD0E006FC819 /* Model */ = {
			isa = PBXGroup;
			children = (
				A86332522103FE1A006FC819 /* Album.swift */,
			);
			path = Model;
			sourceTree = "<group>";
		};
		A863325621043D77006FC819 /* API */ = {
			isa = PBXGroup;
			children = (
				A863325721043D86006FC819 /* LibraryAPI.swift */,
				A863325921043E09006FC819 /* PersistencyManager.swift */,
				A863325B2104D3F3006FC819 /* HTTPClient.swift */,
			);
			path = API;
			sourceTree = "<group>";
		};
/* End PBXGroup section */

/* Begin PBXNativeTarget section */
		A863321C2103F822006FC819 /* DesignPatterns */ = {
			isa = PBXNativeTarget;
			buildConfigurationList = A86332452103F82E006FC819 /* Build configuration list for PBXNativeTarget "DesignPatterns" */;
			buildPhases = (
				A86332192103F822006FC819 /* Sources */,
				A863321A2103F822006FC819 /* Frameworks */,
				A863321B2103F822006FC819 /* Resources */,
			);
			buildRules = (
			);
			dependencies = (
			);
			name = DesignPatterns;
			productName = DesignPatterns;
			productReference = A863321D2103F822006FC819 /* DesignPatterns.app */;
			productType = "com.apple.product-type.application";
		};
		A86332302103F82E006FC819 /* DesignPatternsTests */ = {
			isa = PBXNativeTarget;
			buildConfigurationList = A86332482103F82E006FC819 /* Build configuration list for PBXNativeTarget "DesignPatternsTests" */;
			buildPhases = (
				A863322D2103F82E006FC819 /* Sources */,
				A863322E2103F82E006FC819 /* Frameworks */,
				A863322F2103F82E006FC819 /* Resources */,
			);
			buildRules = (
			);
			dependencies = (
				A86332332103F82E006FC819 /* PBXTargetDependency */,
			);
			name = DesignPatternsTests;
			productName = DesignPatternsTests;
			productReference = A86332312103F82E006FC819 /* DesignPatternsTests.xctest */;
			productType = "com.apple.product-type.bundle.unit-test";
		};
		A863323B2103F82E006FC819 /* DesignPatternsUITests */ = {
			isa = PBXNativeTarget;
			buildConfigurationList = A863324B2103F82E006FC819 /* Build configuration list for PBXNativeTarget "DesignPatternsUITests" */;
			buildPhases = (
				A86332382103F82E006FC819 /* Sources */,
				A86332392103F82E006FC819 /* Frameworks */,
				A863323A2103F82E006FC819 /* Resources */,
			);
			buildRules = (
			);
			dependencies = (
				A863323E2103F82E006FC819 /* PBXTargetDependency */,
			);
			name = DesignPatternsUITests;
			productName = DesignPatternsUITests;
			productReference = A863323C2103F82E006FC819 /* DesignPatternsUITests.xctest */;
			productType = "com.apple.product-type.bundle.ui-testing";
		};
/* End PBXNativeTarget section */

/* Begin PBXProject section */
		A86332152103F821006FC819 /* Project object */ = {
			isa = PBXProject;
			attributes = {
				LastSwiftUpdateCheck = 0940;
				LastUpgradeCheck = 0940;
				ORGANIZATIONNAME = "Matt Deuschle";
				TargetAttributes = {
					A863321C2103F822006FC819 = {
						CreatedOnToolsVersion = 9.4.1;
					};
					A86332302103F82E006FC819 = {
						CreatedOnToolsVersion = 9.4.1;
						TestTargetID = A863321C2103F822006FC819;
					};
					A863323B2103F82E006FC819 = {
						CreatedOnToolsVersion = 9.4.1;
						TestTargetID = A863321C2103F822006FC819;
					};
				};
			};
			buildConfigurationList = A86332182103F821006FC819 /* Build configuration list for PBXProject "DesignPatterns" */;
			compatibilityVersion = "Xcode 9.3";
			developmentRegion = en;
			hasScannedForEncodings = 0;
			knownRegions = (
				en,
				Base,
			);
			mainGroup = A86332142103F821006FC819;
			productRefGroup = A863321E2103F822006FC819 /* Products */;
			projectDirPath = "";
			projectRoot = "";
			targets = (
				A863321C2103F822006FC819 /* DesignPatterns */,
				A86332302103F82E006FC819 /* DesignPatternsTests */,
				A863323B2103F82E006FC819 /* DesignPatternsUITests */,
			);
		};
/* End PBXProject section */

/* Begin PBXResourcesBuildPhase section */
		A863321B2103F822006FC819 /* Resources */ = {
			isa = PBXResourcesBuildPhase;
			buildActionMask = 2147483647;
			files = (
				A863322B2103F82E006FC819 /* LaunchScreen.storyboard in Resources */,
				A86332282103F82E006FC819 /* Assets.xcassets in Resources */,
				A86332262103F822006FC819 /* Main.storyboard in Resources */,
			);
			runOnlyForDeploymentPostprocessing = 0;
		};
		A863322F2103F82E006FC819 /* Resources */ = {
			isa = PBXResourcesBuildPhase;
			buildActionMask = 2147483647;
			files = (
			);
			runOnlyForDeploymentPostprocessing = 0;
		};
		A863323A2103F82E006FC819 /* Resources */ = {
			isa = PBXResourcesBuildPhase;
			buildActionMask = 2147483647;
			files = (
			);
			runOnlyForDeploymentPostprocessing = 0;
		};
/* End PBXResourcesBuildPhase section */

/* Begin PBXSourcesBuildPhase section */
		A86332192103F822006FC819 /* Sources */ = {
			isa = PBXSourcesBuildPhase;
			buildActionMask = 2147483647;
			files = (
				A86332232103F822006FC819 /* ViewController.swift in Sources */,
				A863325A21043E09006FC819 /* PersistencyManager.swift in Sources */,
				A86332212103F822006FC819 /* AppDelegate.swift in Sources */,
				A863325C2104D3F3006FC819 /* HTTPClient.swift in Sources */,
				A863325821043D86006FC819 /* LibraryAPI.swift in Sources */,
				A863325521040097006FC819 /* AlbumView.swift in Sources */,
				A86332532103FE1A006FC819 /* Album.swift in Sources */,
			);
			runOnlyForDeploymentPostprocessing = 0;
		};
		A863322D2103F82E006FC819 /* Sources */ = {
			isa = PBXSourcesBuildPhase;
			buildActionMask = 2147483647;
			files = (
				A86332362103F82E006FC819 /* DesignPatternsTests.swift in Sources */,
			);
			runOnlyForDeploymentPostprocessing = 0;
		};
		A86332382103F82E006FC819 /* Sources */ = {
			isa = PBXSourcesBuildPhase;
			buildActionMask = 2147483647;
			files = (
				A86332412103F82E006FC819 /* DesignPatternsUITests.swift in Sources */,
			);
			runOnlyForDeploymentPostprocessing = 0;
		};
/* End PBXSourcesBuildPhase section */

/* Begin PBXTargetDependency section */
		A86332332103F82E006FC819 /* PBXTargetDependency */ = {
			isa = PBXTargetDependency;
			target = A863321C2103F822006FC819 /* DesignPatterns */;
			targetProxy = A86332322103F82E006FC819 /* PBXContainerItemProxy */;
		};
		A863323E2103F82E006FC819 /* PBXTargetDependency */ = {
			isa = PBXTargetDependency;
			target = A863321C2103F822006FC819 /* DesignPatterns */;
			targetProxy = A863323D2103F82E006FC819 /* PBXContainerItemProxy */;
		};
/* End PBXTargetDependency section */

/* Begin PBXVariantGroup section */
		A86332242103F822006FC819 /* Main.storyboard */ = {
			isa = PBXVariantGroup;
			children = (
				A86332252103F822006FC819 /* Base */,
			);
			name = Main.storyboard;
			sourceTree = "<group>";
		};
		A86332292103F82E006FC819 /* LaunchScreen.storyboard */ = {
			isa = PBXVariantGroup;
			children = (
				A863322A2103F82E006FC819 /* Base */,
			);
			name = LaunchScreen.storyboard;
			sourceTree = "<group>";
		};
/* End PBXVariantGroup section */

/* Begin XCBuildConfiguration section */
		A86332432103F82E006FC819 /* Debug */ = {
			isa = XCBuildConfiguration;
			buildSettings = {
				ALWAYS_SEARCH_USER_PATHS = NO;
				CLANG_ANALYZER_NONNULL = YES;
				CLANG_ANALYZER_NUMBER_OBJECT_CONVERSION = YES_AGGRESSIVE;
				CLANG_CXX_LANGUAGE_STANDARD = "gnu++14";
				CLANG_CXX_LIBRARY = "libc++";
				CLANG_ENABLE_MODULES = YES;
				CLANG_ENABLE_OBJC_ARC = YES;
				CLANG_ENABLE_OBJC_WEAK = YES;
				CLANG_WARN_BLOCK_CAPTURE_AUTORELEASING = YES;
				CLANG_WARN_BOOL_CONVERSION = YES;
				CLANG_WARN_COMMA = YES;
				CLANG_WARN_CONSTANT_CONVERSION = YES;
				CLANG_WARN_DEPRECATED_OBJC_IMPLEMENTATIONS = YES;
				CLANG_WARN_DIRECT_OBJC_ISA_USAGE = YES_ERROR;
				CLANG_WARN_DOCUMENTATION_COMMENTS = YES;
				CLANG_WARN_EMPTY_BODY = YES;
				CLANG_WARN_ENUM_CONVERSION = YES;
				CLANG_WARN_INFINITE_RECURSION = YES;
				CLANG_WARN_INT_CONVERSION = YES;
				CLANG_WARN_NON_LITERAL_NULL_CONVERSION = YES;
				CLANG_WARN_OBJC_IMPLICIT_RETAIN_SELF = YES;
				CLANG_WARN_OBJC_LITERAL_CONVERSION = YES;
				CLANG_WARN_OBJC_ROOT_CLASS = YES_ERROR;
				CLANG_WARN_RANGE_LOOP_ANALYSIS = YES;
				CLANG_WARN_STRICT_PROTOTYPES = YES;
				CLANG_WARN_SUSPICIOUS_MOVE = YES;
				CLANG_WARN_UNGUARDED_AVAILABILITY = YES_AGGRESSIVE;
				CLANG_WARN_UNREACHABLE_CODE = YES;
				CLANG_WARN__DUPLICATE_METHOD_MATCH = YES;
				CODE_SIGN_IDENTITY = "iPhone Developer";
				COPY_PHASE_STRIP = NO;
				DEBUG_INFORMATION_FORMAT = dwarf;
				ENABLE_STRICT_OBJC_MSGSEND = YES;
				ENABLE_TESTABILITY = YES;
				GCC_C_LANGUAGE_STANDARD = gnu11;
				GCC_DYNAMIC_NO_PIC = NO;
				GCC_NO_COMMON_BLOCKS = YES;
				GCC_OPTIMIZATION_LEVEL = 0;
				GCC_PREPROCESSOR_DEFINITIONS = (
					"DEBUG=1",
					"$(inherited)",
				);
				GCC_WARN_64_TO_32_BIT_CONVERSION = YES;
				GCC_WARN_ABOUT_RETURN_TYPE = YES_ERROR;
				GCC_WARN_UNDECLARED_SELECTOR = YES;
				GCC_WARN_UNINITIALIZED_AUTOS = YES_AGGRESSIVE;
				GCC_WARN_UNUSED_FUNCTION = YES;
				GCC_WARN_UNUSED_VARIABLE = YES;
				IPHONEOS_DEPLOYMENT_TARGET = 11.4;
				MTL_ENABLE_DEBUG_INFO = YES;
				ONLY_ACTIVE_ARCH = YES;
				SDKROOT = iphoneos;
				SWIFT_ACTIVE_COMPILATION_CONDITIONS = DEBUG;
				SWIFT_OPTIMIZATION_LEVEL = "-Onone";
			};
			name = Debug;
		};
		A86332442103F82E006FC819 /* Release */ = {
			isa = XCBuildConfiguration;
			buildSettings = {
				ALWAYS_SEARCH_USER_PATHS = NO;
				CLANG_ANALYZER_NONNULL = YES;
				CLANG_ANALYZER_NUMBER_OBJECT_CONVERSION = YES_AGGRESSIVE;
				CLANG_CXX_LANGUAGE_STANDARD = "gnu++14";
				CLANG_CXX_LIBRARY = "libc++";
				CLANG_ENABLE_MODULES = YES;
				CLANG_ENABLE_OBJC_ARC = YES;
				CLANG_ENABLE_OBJC_WEAK = YES;
				CLANG_WARN_BLOCK_CAPTURE_AUTORELEASING = YES;
				CLANG_WARN_BOOL_CONVERSION = YES;
				CLANG_WARN_COMMA = YES;
				CLANG_WARN_CONSTANT_CONVERSION = YES;
				CLANG_WARN_DEPRECATED_OBJC_IMPLEMENTATIONS = YES;
				CLANG_WARN_DIRECT_OBJC_ISA_USAGE = YES_ERROR;
				CLANG_WARN_DOCUMENTATION_COMMENTS = YES;
				CLANG_WARN_EMPTY_BODY = YES;
				CLANG_WARN_ENUM_CONVERSION = YES;
				CLANG_WARN_INFINITE_RECURSION = YES;
				CLANG_WARN_INT_CONVERSION = YES;
				CLANG_WARN_NON_LITERAL_NULL_CONVERSION = YES;
				CLANG_WARN_OBJC_IMPLICIT_RETAIN_SELF = YES;
				CLANG_WARN_OBJC_LITERAL_CONVERSION = YES;
				CLANG_WARN_OBJC_ROOT_CLASS = YES_ERROR;
				CLANG_WARN_RANGE_LOOP_ANALYSIS = YES;
				CLANG_WARN_STRICT_PROTOTYPES = YES;
				CLANG_WARN_SUSPICIOUS_MOVE = YES;
				CLANG_WARN_UNGUARDED_AVAILABILITY = YES_AGGRESSIVE;
				CLANG_WARN_UNREACHABLE_CODE = YES;
				CLANG_WARN__DUPLICATE_METHOD_MATCH = YES;
				CODE_SIGN_IDENTITY = "iPhone Developer";
				COPY_PHASE_STRIP = NO;
				DEBUG_INFORMATION_FORMAT = "dwarf-with-dsym";
				ENABLE_NS_ASSERTIONS = NO;
				ENABLE_STRICT_OBJC_MSGSEND = YES;
				GCC_C_LANGUAGE_STANDARD = gnu11;
				GCC_NO_COMMON_BLOCKS = YES;
				GCC_WARN_64_TO_32_BIT_CONVERSION = YES;
				GCC_WARN_ABOUT_RETURN_TYPE = YES_ERROR;
				GCC_WARN_UNDECLARED_SELECTOR = YES;
				GCC_WARN_UNINITIALIZED_AUTOS = YES_AGGRESSIVE;
				GCC_WARN_UNUSED_FUNCTION = YES;
				GCC_WARN_UNUSED_VARIABLE = YES;
				IPHONEOS_DEPLOYMENT_TARGET = 11.4;
				MTL_ENABLE_DEBUG_INFO = NO;
				SDKROOT = iphoneos;
				SWIFT_COMPILATION_MODE = wholemodule;
				SWIFT_OPTIMIZATION_LEVEL = "-O";
				VALIDATE_PRODUCT = YES;
			};
			name = Release;
		};
		A86332462103F82E006FC819 /* Debug */ = {
			isa = XCBuildConfiguration;
			buildSettings = {
				ASSETCATALOG_COMPILER_APPICON_NAME = AppIcon;
				CODE_SIGN_STYLE = Automatic;
				DEVELOPMENT_TEAM = 3DKZWJ5854;
				INFOPLIST_FILE = DesignPatterns/Info.plist;
				LD_RUNPATH_SEARCH_PATHS = (
					"$(inherited)",
					"@executable_path/Frameworks",
				);
				PRODUCT_BUNDLE_IDENTIFIER = com.matt.deuschle.DesignPatterns;
				PRODUCT_NAME = "$(TARGET_NAME)";
				SWIFT_VERSION = 4.0;
				TARGETED_DEVICE_FAMILY = "1,2";
			};
			name = Debug;
		};
		A86332472103F82E006FC819 /* Release */ = {
			isa = XCBuildConfiguration;
			buildSettings = {
				ASSETCATALOG_COMPILER_APPICON_NAME = AppIcon;
				CODE_SIGN_STYLE = Automatic;
				DEVELOPMENT_TEAM = 3DKZWJ5854;
				INFOPLIST_FILE = DesignPatterns/Info.plist;
				LD_RUNPATH_SEARCH_PATHS = (
					"$(inherited)",
					"@executable_path/Frameworks",
				);
				PRODUCT_BUNDLE_IDENTIFIER = com.matt.deuschle.DesignPatterns;
				PRODUCT_NAME = "$(TARGET_NAME)";
				SWIFT_VERSION = 4.0;
				TARGETED_DEVICE_FAMILY = "1,2";
			};
			name = Release;
		};
		A86332492103F82E006FC819 /* Debug */ = {
			isa = XCBuildConfiguration;
			buildSettings = {
				ALWAYS_EMBED_SWIFT_STANDARD_LIBRARIES = YES;
				BUNDLE_LOADER = "$(TEST_HOST)";
				CODE_SIGN_STYLE = Automatic;
				DEVELOPMENT_TEAM = 3DKZWJ5854;
				INFOPLIST_FILE = DesignPatternsTests/Info.plist;
				LD_RUNPATH_SEARCH_PATHS = (
					"$(inherited)",
					"@executable_path/Frameworks",
					"@loader_path/Frameworks",
				);
				PRODUCT_BUNDLE_IDENTIFIER = com.matt.deuschle.DesignPatternsTests;
				PRODUCT_NAME = "$(TARGET_NAME)";
				SWIFT_VERSION = 4.0;
				TARGETED_DEVICE_FAMILY = "1,2";
				TEST_HOST = "$(BUILT_PRODUCTS_DIR)/DesignPatterns.app/DesignPatterns";
			};
			name = Debug;
		};
		A863324A2103F82E006FC819 /* Release */ = {
			isa = XCBuildConfiguration;
			buildSettings = {
				ALWAYS_EMBED_SWIFT_STANDARD_LIBRARIES = YES;
				BUNDLE_LOADER = "$(TEST_HOST)";
				CODE_SIGN_STYLE = Automatic;
				DEVELOPMENT_TEAM = 3DKZWJ5854;
				INFOPLIST_FILE = DesignPatternsTests/Info.plist;
				LD_RUNPATH_SEARCH_PATHS = (
					"$(inherited)",
					"@executable_path/Frameworks",
					"@loader_path/Frameworks",
				);
				PRODUCT_BUNDLE_IDENTIFIER = com.matt.deuschle.DesignPatternsTests;
				PRODUCT_NAME = "$(TARGET_NAME)";
				SWIFT_VERSION = 4.0;
				TARGETED_DEVICE_FAMILY = "1,2";
				TEST_HOST = "$(BUILT_PRODUCTS_DIR)/DesignPatterns.app/DesignPatterns";
			};
			name = Release;
		};
		A863324C2103F82E006FC819 /* Debug */ = {
			isa = XCBuildConfiguration;
			buildSettings = {
				ALWAYS_EMBED_SWIFT_STANDARD_LIBRARIES = YES;
				CODE_SIGN_STYLE = Automatic;
				DEVELOPMENT_TEAM = 3DKZWJ5854;
				INFOPLIST_FILE = DesignPatternsUITests/Info.plist;
				LD_RUNPATH_SEARCH_PATHS = (
					"$(inherited)",
					"@executable_path/Frameworks",
					"@loader_path/Frameworks",
				);
				PRODUCT_BUNDLE_IDENTIFIER = com.matt.deuschle.DesignPatternsUITests;
				PRODUCT_NAME = "$(TARGET_NAME)";
				SWIFT_VERSION = 4.0;
				TARGETED_DEVICE_FAMILY = "1,2";
				TEST_TARGET_NAME = DesignPatterns;
			};
			name = Debug;
		};
		A863324D2103F82E006FC819 /* Release */ = {
			isa = XCBuildConfiguration;
			buildSettings = {
				ALWAYS_EMBED_SWIFT_STANDARD_LIBRARIES = YES;
				CODE_SIGN_STYLE = Automatic;
				DEVELOPMENT_TEAM = 3DKZWJ5854;
				INFOPLIST_FILE = DesignPatternsUITests/Info.plist;
				LD_RUNPATH_SEARCH_PATHS = (
					"$(inherited)",
					"@executable_path/Frameworks",
					"@loader_path/Frameworks",
				);
				PRODUCT_BUNDLE_IDENTIFIER = com.matt.deuschle.DesignPatternsUITests;
				PRODUCT_NAME = "$(TARGET_NAME)";
				SWIFT_VERSION = 4.0;
				TARGETED_DEVICE_FAMILY = "1,2";
				TEST_TARGET_NAME = DesignPatterns;
			};
			name = Release;
		};
/* End XCBuildConfiguration section */

/* Begin XCConfigurationList section */
		A86332182103F821006FC819 /* Build configuration list for PBXProject "DesignPatterns" */ = {
			isa = XCConfigurationList;
			buildConfigurations = (
				A86332432103F82E006FC819 /* Debug */,
				A86332442103F82E006FC819 /* Release */,
			);
			defaultConfigurationIsVisible = 0;
			defaultConfigurationName = Release;
		};
		A86332452103F82E006FC819 /* Build configuration list for PBXNativeTarget "DesignPatterns" */ = {
			isa = XCConfigurationList;
			buildConfigurations = (
				A86332462103F82E006FC819 /* Debug */,
				A86332472103F82E006FC819 /* Release */,
			);
			defaultConfigurationIsVisible = 0;
			defaultConfigurationName = Release;
		};
		A86332482103F82E006FC819 /* Build configuration list for PBXNativeTarget "DesignPatternsTests" */ = {
			isa = XCConfigurationList;
			buildConfigurations = (
				A86332492103F82E006FC819 /* Debug */,
				A863324A2103F82E006FC819 /* Release */,
			);
			defaultConfigurationIsVisible = 0;
			defaultConfigurationName = Release;
		};
		A863324B2103F82E006FC819 /* Build configuration list for PBXNativeTarget "DesignPatternsUITests" */ = {
			isa = XCConfigurationList;
			buildConfigurations = (
				A863324C2103F82E006FC819 /* Debug */,
				A863324D2103F82E006FC819 /* Release */,
			);
			defaultConfigurationIsVisible = 0;
			defaultConfigurationName = Release;
		};
/* End XCConfigurationList section */
	};
	rootObject = A86332152103F821006FC819 /* Project object */;
}
